// !$*UTF8*$!
{
	archiveVersion = 1;
	classes = {
	};
	objectVersion = 51;
	objects = {

/* Begin PBXBuildFile section */
		2C12C9FAA486A471BEA5A954 /* Pods_safeUITests.framework in Frameworks */ = {isa = PBXBuildFile; fileRef = CB9AABD803138A21666905EE /* Pods_safeUITests.framework */; };
		6511D2122340FFD600301842 /* MessageViewController+Actions.swift in Sources */ = {isa = PBXBuildFile; fileRef = 6511D2112340FFD600301842 /* MessageViewController+Actions.swift */; };
		6511D2152341053F00301842 /* ImagePickerWorker.swift in Sources */ = {isa = PBXBuildFile; fileRef = 6511D2142341053F00301842 /* ImagePickerWorker.swift */; };
		6523E1E42300AA4000F24F3A /* ImageModel.swift in Sources */ = {isa = PBXBuildFile; fileRef = 6523E1E32300AA4000F24F3A /* ImageModel.swift */; };
		6523E1E82300AC1C00F24F3A /* imageSectionController.swift in Sources */ = {isa = PBXBuildFile; fileRef = 6523E1E72300AC1C00F24F3A /* imageSectionController.swift */; };
		6523E1EA2300ACA000F24F3A /* ImageCollectionViewCell.swift in Sources */ = {isa = PBXBuildFile; fileRef = 6523E1E92300ACA000F24F3A /* ImageCollectionViewCell.swift */; };
		6548746622FF97E800CB3DD8 /* AppDelegate.swift in Sources */ = {isa = PBXBuildFile; fileRef = 6548746522FF97E800CB3DD8 /* AppDelegate.swift */; };
		6548746E22FF97E800CB3DD8 /* safe.xcdatamodeld in Sources */ = {isa = PBXBuildFile; fileRef = 6548746C22FF97E800CB3DD8 /* safe.xcdatamodeld */; };
		6548747022FF97E900CB3DD8 /* Assets.xcassets in Resources */ = {isa = PBXBuildFile; fileRef = 6548746F22FF97E900CB3DD8 /* Assets.xcassets */; };
		6548747322FF97E900CB3DD8 /* LaunchScreen.storyboard in Resources */ = {isa = PBXBuildFile; fileRef = 6548747122FF97E900CB3DD8 /* LaunchScreen.storyboard */; };
		6548747E22FF97E900CB3DD8 /* safeTests.swift in Sources */ = {isa = PBXBuildFile; fileRef = 6548747D22FF97E900CB3DD8 /* safeTests.swift */; };
		6548748922FF97E900CB3DD8 /* safeUITests.swift in Sources */ = {isa = PBXBuildFile; fileRef = 6548748822FF97E900CB3DD8 /* safeUITests.swift */; };
		6548749C22FF983400CB3DD8 /* MessagePresenter.swift in Sources */ = {isa = PBXBuildFile; fileRef = 6548749622FF983400CB3DD8 /* MessagePresenter.swift */; };
		6548749E22FF983400CB3DD8 /* MessageWorker.swift in Sources */ = {isa = PBXBuildFile; fileRef = 6548749722FF983400CB3DD8 /* MessageWorker.swift */; };
		654874A022FF983400CB3DD8 /* MessageRouter.swift in Sources */ = {isa = PBXBuildFile; fileRef = 6548749822FF983400CB3DD8 /* MessageRouter.swift */; };
		654874A222FF983400CB3DD8 /* MessageModels.swift in Sources */ = {isa = PBXBuildFile; fileRef = 6548749922FF983400CB3DD8 /* MessageModels.swift */; };
		654874A422FF983400CB3DD8 /* MessageViewController.swift in Sources */ = {isa = PBXBuildFile; fileRef = 6548749A22FF983400CB3DD8 /* MessageViewController.swift */; };
		654874A622FF983400CB3DD8 /* MessageInteractor.swift in Sources */ = {isa = PBXBuildFile; fileRef = 6548749B22FF983400CB3DD8 /* MessageInteractor.swift */; };
		65A5813B2303B09500737F27 /* InputContainer.swift in Sources */ = {isa = PBXBuildFile; fileRef = 65A5813A2303B09500737F27 /* InputContainer.swift */; };
		65FBF22D22FF9CAD004B2C53 /* Podfile in Resources */ = {isa = PBXBuildFile; fileRef = 65FBF22C22FF9CAD004B2C53 /* Podfile */; };
		65FBF23022FF9E46004B2C53 /* MessageSectionController.swift in Sources */ = {isa = PBXBuildFile; fileRef = 65FBF22F22FF9E46004B2C53 /* MessageSectionController.swift */; };
		65FBF23222FF9EF8004B2C53 /* MessageModel.swift in Sources */ = {isa = PBXBuildFile; fileRef = 65FBF23122FF9EF8004B2C53 /* MessageModel.swift */; };
		65FBF23422FFA2DC004B2C53 /* MessageCollectionViewCell.swift in Sources */ = {isa = PBXBuildFile; fileRef = 65FBF23322FFA2DC004B2C53 /* MessageCollectionViewCell.swift */; };
		65FBF23822FFDF12004B2C53 /* TextSize.swift in Sources */ = {isa = PBXBuildFile; fileRef = 65FBF23722FFDF12004B2C53 /* TextSize.swift */; };
		66CAE1618643ABE56C944C39 /* Pods_safe.framework in Frameworks */ = {isa = PBXBuildFile; fileRef = 3EE35B198C513DA7BE2956AB /* Pods_safe.framework */; };
		FB8A0EE9B908F55B3793A804 /* Pods_safeTests.framework in Frameworks */ = {isa = PBXBuildFile; fileRef = BA19146F2AF25D682A5F86A2 /* Pods_safeTests.framework */; };
/* End PBXBuildFile section */

/* Begin PBXContainerItemProxy section */
		6548747A22FF97E900CB3DD8 /* PBXContainerItemProxy */ = {
			isa = PBXContainerItemProxy;
			containerPortal = 6548745A22FF97E800CB3DD8 /* Project object */;
			proxyType = 1;
			remoteGlobalIDString = 6548746122FF97E800CB3DD8;
			remoteInfo = safe;
		};
		6548748522FF97E900CB3DD8 /* PBXContainerItemProxy */ = {
			isa = PBXContainerItemProxy;
			containerPortal = 6548745A22FF97E800CB3DD8 /* Project object */;
			proxyType = 1;
			remoteGlobalIDString = 6548746122FF97E800CB3DD8;
			remoteInfo = safe;
		};
/* End PBXContainerItemProxy section */

/* Begin PBXFileReference section */
		3EE35B198C513DA7BE2956AB /* Pods_safe.framework */ = {isa = PBXFileReference; explicitFileType = wrapper.framework; includeInIndex = 0; path = Pods_safe.framework; sourceTree = BUILT_PRODUCTS_DIR; };
		6511D2112340FFD600301842 /* MessageViewController+Actions.swift */ = {isa = PBXFileReference; lastKnownFileType = sourcecode.swift; path = "MessageViewController+Actions.swift"; sourceTree = "<group>"; };
		6511D2142341053F00301842 /* ImagePickerWorker.swift */ = {isa = PBXFileReference; lastKnownFileType = sourcecode.swift; path = ImagePickerWorker.swift; sourceTree = "<group>"; };
		6523E1E32300AA4000F24F3A /* ImageModel.swift */ = {isa = PBXFileReference; lastKnownFileType = sourcecode.swift; path = ImageModel.swift; sourceTree = "<group>"; };
		6523E1E72300AC1C00F24F3A /* imageSectionController.swift */ = {isa = PBXFileReference; lastKnownFileType = sourcecode.swift; path = imageSectionController.swift; sourceTree = "<group>"; };
		6523E1E92300ACA000F24F3A /* ImageCollectionViewCell.swift */ = {isa = PBXFileReference; lastKnownFileType = sourcecode.swift; path = ImageCollectionViewCell.swift; sourceTree = "<group>"; };
		6548746222FF97E800CB3DD8 /* safe.app */ = {isa = PBXFileReference; explicitFileType = wrapper.application; includeInIndex = 0; path = safe.app; sourceTree = BUILT_PRODUCTS_DIR; };
		6548746522FF97E800CB3DD8 /* AppDelegate.swift */ = {isa = PBXFileReference; lastKnownFileType = sourcecode.swift; path = AppDelegate.swift; sourceTree = "<group>"; };
		6548746D22FF97E800CB3DD8 /* safe.xcdatamodel */ = {isa = PBXFileReference; lastKnownFileType = wrapper.xcdatamodel; path = safe.xcdatamodel; sourceTree = "<group>"; };
		6548746F22FF97E900CB3DD8 /* Assets.xcassets */ = {isa = PBXFileReference; lastKnownFileType = folder.assetcatalog; path = Assets.xcassets; sourceTree = "<group>"; };
		6548747222FF97E900CB3DD8 /* Base */ = {isa = PBXFileReference; lastKnownFileType = file.storyboard; name = Base; path = Base.lproj/LaunchScreen.storyboard; sourceTree = "<group>"; };
		6548747422FF97E900CB3DD8 /* Info.plist */ = {isa = PBXFileReference; lastKnownFileType = text.plist.xml; path = Info.plist; sourceTree = "<group>"; };
		6548747922FF97E900CB3DD8 /* safeTests.xctest */ = {isa = PBXFileReference; explicitFileType = wrapper.cfbundle; includeInIndex = 0; path = safeTests.xctest; sourceTree = BUILT_PRODUCTS_DIR; };
		6548747D22FF97E900CB3DD8 /* safeTests.swift */ = {isa = PBXFileReference; lastKnownFileType = sourcecode.swift; path = safeTests.swift; sourceTree = "<group>"; };
		6548747F22FF97E900CB3DD8 /* Info.plist */ = {isa = PBXFileReference; lastKnownFileType = text.plist.xml; path = Info.plist; sourceTree = "<group>"; };
		6548748422FF97E900CB3DD8 /* safeUITests.xctest */ = {isa = PBXFileReference; explicitFileType = wrapper.cfbundle; includeInIndex = 0; path = safeUITests.xctest; sourceTree = BUILT_PRODUCTS_DIR; };
		6548748822FF97E900CB3DD8 /* safeUITests.swift */ = {isa = PBXFileReference; lastKnownFileType = sourcecode.swift; path = safeUITests.swift; sourceTree = "<group>"; };
		6548748A22FF97E900CB3DD8 /* Info.plist */ = {isa = PBXFileReference; lastKnownFileType = text.plist.xml; path = Info.plist; sourceTree = "<group>"; };
		6548749622FF983400CB3DD8 /* MessagePresenter.swift */ = {isa = PBXFileReference; lastKnownFileType = sourcecode.swift; path = MessagePresenter.swift; sourceTree = "<group>"; };
		6548749722FF983400CB3DD8 /* MessageWorker.swift */ = {isa = PBXFileReference; lastKnownFileType = sourcecode.swift; path = MessageWorker.swift; sourceTree = "<group>"; };
		6548749822FF983400CB3DD8 /* MessageRouter.swift */ = {isa = PBXFileReference; lastKnownFileType = sourcecode.swift; path = MessageRouter.swift; sourceTree = "<group>"; };
		6548749922FF983400CB3DD8 /* MessageModels.swift */ = {isa = PBXFileReference; lastKnownFileType = sourcecode.swift; path = MessageModels.swift; sourceTree = "<group>"; };
		6548749A22FF983400CB3DD8 /* MessageViewController.swift */ = {isa = PBXFileReference; lastKnownFileType = sourcecode.swift; path = MessageViewController.swift; sourceTree = "<group>"; };
		6548749B22FF983400CB3DD8 /* MessageInteractor.swift */ = {isa = PBXFileReference; lastKnownFileType = sourcecode.swift; path = MessageInteractor.swift; sourceTree = "<group>"; };
		6550F7C42362931300F7245A /* README.md */ = {isa = PBXFileReference; lastKnownFileType = net.daringfireball.markdown; path = README.md; sourceTree = "<group>"; };
		658B1F3D2363360C00558EEF /* demo-chat-UI.gif */ = {isa = PBXFileReference; lastKnownFileType = image.gif; path = "demo-chat-UI.gif"; sourceTree = "<group>"; };
		65A560E0234EBF3000F2C206 /* safe.entitlements */ = {isa = PBXFileReference; lastKnownFileType = text.plist.entitlements; path = safe.entitlements; sourceTree = "<group>"; };
		65A5813A2303B09500737F27 /* InputContainer.swift */ = {isa = PBXFileReference; lastKnownFileType = sourcecode.swift; path = InputContainer.swift; sourceTree = "<group>"; };
		65FBF22C22FF9CAD004B2C53 /* Podfile */ = {isa = PBXFileReference; fileEncoding = 4; lastKnownFileType = text; path = Podfile; sourceTree = SOURCE_ROOT; xcLanguageSpecificationIdentifier = xcode.lang.ruby; };
		65FBF22F22FF9E46004B2C53 /* MessageSectionController.swift */ = {isa = PBXFileReference; lastKnownFileType = sourcecode.swift; path = MessageSectionController.swift; sourceTree = "<group>"; };
		65FBF23122FF9EF8004B2C53 /* MessageModel.swift */ = {isa = PBXFileReference; lastKnownFileType = sourcecode.swift; path = MessageModel.swift; sourceTree = "<group>"; };
		65FBF23322FFA2DC004B2C53 /* MessageCollectionViewCell.swift */ = {isa = PBXFileReference; lastKnownFileType = sourcecode.swift; path = MessageCollectionViewCell.swift; sourceTree = "<group>"; };
		65FBF23722FFDF12004B2C53 /* TextSize.swift */ = {isa = PBXFileReference; fileEncoding = 4; lastKnownFileType = sourcecode.swift; path = TextSize.swift; sourceTree = "<group>"; };
		9FC40BFD64748263719C7F11 /* Pods-safeUITests.release.xcconfig */ = {isa = PBXFileReference; includeInIndex = 1; lastKnownFileType = text.xcconfig; name = "Pods-safeUITests.release.xcconfig"; path = "Target Support Files/Pods-safeUITests/Pods-safeUITests.release.xcconfig"; sourceTree = "<group>"; };
		B61BF55B793C7F5A740D3427 /* Pods-safeUITests.debug.xcconfig */ = {isa = PBXFileReference; includeInIndex = 1; lastKnownFileType = text.xcconfig; name = "Pods-safeUITests.debug.xcconfig"; path = "Target Support Files/Pods-safeUITests/Pods-safeUITests.debug.xcconfig"; sourceTree = "<group>"; };
		B95C95418B848110486B06B2 /* Pods-safe.release.xcconfig */ = {isa = PBXFileReference; includeInIndex = 1; lastKnownFileType = text.xcconfig; name = "Pods-safe.release.xcconfig"; path = "Target Support Files/Pods-safe/Pods-safe.release.xcconfig"; sourceTree = "<group>"; };
		BA19146F2AF25D682A5F86A2 /* Pods_safeTests.framework */ = {isa = PBXFileReference; explicitFileType = wrapper.framework; includeInIndex = 0; path = Pods_safeTests.framework; sourceTree = BUILT_PRODUCTS_DIR; };
		C57967B481C4DB5A1FF56CE3 /* Pods-safe.debug.xcconfig */ = {isa = PBXFileReference; includeInIndex = 1; lastKnownFileType = text.xcconfig; name = "Pods-safe.debug.xcconfig"; path = "Target Support Files/Pods-safe/Pods-safe.debug.xcconfig"; sourceTree = "<group>"; };
		CB9AABD803138A21666905EE /* Pods_safeUITests.framework */ = {isa = PBXFileReference; explicitFileType = wrapper.framework; includeInIndex = 0; path = Pods_safeUITests.framework; sourceTree = BUILT_PRODUCTS_DIR; };
		DB30C8B33E44F2A010CDB573 /* Pods-safeTests.debug.xcconfig */ = {isa = PBXFileReference; includeInIndex = 1; lastKnownFileType = text.xcconfig; name = "Pods-safeTests.debug.xcconfig"; path = "Target Support Files/Pods-safeTests/Pods-safeTests.debug.xcconfig"; sourceTree = "<group>"; };
		EB44ADAFD899E4FDB7A624E1 /* Pods-safeTests.release.xcconfig */ = {isa = PBXFileReference; includeInIndex = 1; lastKnownFileType = text.xcconfig; name = "Pods-safeTests.release.xcconfig"; path = "Target Support Files/Pods-safeTests/Pods-safeTests.release.xcconfig"; sourceTree = "<group>"; };
/* End PBXFileReference section */

/* Begin PBXFrameworksBuildPhase section */
		6548745F22FF97E800CB3DD8 /* Frameworks */ = {
			isa = PBXFrameworksBuildPhase;
			buildActionMask = 2147483647;
			files = (
				66CAE1618643ABE56C944C39 /* Pods_safe.framework in Frameworks */,
			);
			runOnlyForDeploymentPostprocessing = 0;
		};
		6548747622FF97E900CB3DD8 /* Frameworks */ = {
			isa = PBXFrameworksBuildPhase;
			buildActionMask = 2147483647;
			files = (
				FB8A0EE9B908F55B3793A804 /* Pods_safeTests.framework in Frameworks */,
			);
			runOnlyForDeploymentPostprocessing = 0;
		};
		6548748122FF97E900CB3DD8 /* Frameworks */ = {
			isa = PBXFrameworksBuildPhase;
			buildActionMask = 2147483647;
			files = (
				2C12C9FAA486A471BEA5A954 /* Pods_safeUITests.framework in Frameworks */,
			);
			runOnlyForDeploymentPostprocessing = 0;
		};
/* End PBXFrameworksBuildPhase section */

/* Begin PBXGroup section */
		36BE3D7F4B4DF4E7F9E6B7D5 /* Frameworks */ = {
			isa = PBXGroup;
			children = (
				3EE35B198C513DA7BE2956AB /* Pods_safe.framework */,
				BA19146F2AF25D682A5F86A2 /* Pods_safeTests.framework */,
				CB9AABD803138A21666905EE /* Pods_safeUITests.framework */,
			);
			name = Frameworks;
			sourceTree = "<group>";
		};
		6511D2132340FFDC00301842 /* Extensions */ = {
			isa = PBXGroup;
			children = (
				6511D2112340FFD600301842 /* MessageViewController+Actions.swift */,
			);
			path = Extensions;
			sourceTree = "<group>";
		};
		6523E1E52300ABB800F24F3A /* TextMessage */ = {
			isa = PBXGroup;
			children = (
				65FBF22F22FF9E46004B2C53 /* MessageSectionController.swift */,
				65FBF23122FF9EF8004B2C53 /* MessageModel.swift */,
				65FBF23322FFA2DC004B2C53 /* MessageCollectionViewCell.swift */,
			);
			path = TextMessage;
			sourceTree = "<group>";
		};
		6523E1E62300ABDC00F24F3A /* ImageMessage */ = {
			isa = PBXGroup;
			children = (
				6523E1E32300AA4000F24F3A /* ImageModel.swift */,
				6523E1E72300AC1C00F24F3A /* imageSectionController.swift */,
				6523E1E92300ACA000F24F3A /* ImageCollectionViewCell.swift */,
			);
			path = ImageMessage;
			sourceTree = "<group>";
		};
		6548745922FF97E800CB3DD8 = {
			isa = PBXGroup;
			children = (
				6550F7C42362931300F7245A /* README.md */,
				658B1F3D2363360C00558EEF /* demo-chat-UI.gif */,
				6548746422FF97E800CB3DD8 /* safe */,
				6548747C22FF97E900CB3DD8 /* safeTests */,
				6548748722FF97E900CB3DD8 /* safeUITests */,
				6548746322FF97E800CB3DD8 /* Products */,
				9B774D011E9EB5FD65BD76B0 /* Pods */,
				36BE3D7F4B4DF4E7F9E6B7D5 /* Frameworks */,
			);
			sourceTree = "<group>";
		};
		6548746322FF97E800CB3DD8 /* Products */ = {
			isa = PBXGroup;
			children = (
				6548746222FF97E800CB3DD8 /* safe.app */,
				6548747922FF97E900CB3DD8 /* safeTests.xctest */,
				6548748422FF97E900CB3DD8 /* safeUITests.xctest */,
			);
			name = Products;
			sourceTree = "<group>";
		};
		6548746422FF97E800CB3DD8 /* safe */ = {
			isa = PBXGroup;
			children = (
				65A560E0234EBF3000F2C206 /* safe.entitlements */,
				65FBF22C22FF9CAD004B2C53 /* Podfile */,
				6548746522FF97E800CB3DD8 /* AppDelegate.swift */,
				6548746F22FF97E900CB3DD8 /* Assets.xcassets */,
				654874A822FF984800CB3DD8 /* Messages */,
				6548747122FF97E900CB3DD8 /* LaunchScreen.storyboard */,
				6548747422FF97E900CB3DD8 /* Info.plist */,
				6548746C22FF97E800CB3DD8 /* safe.xcdatamodeld */,
			);
			path = safe;
			sourceTree = "<group>";
		};
		6548747C22FF97E900CB3DD8 /* safeTests */ = {
			isa = PBXGroup;
			children = (
				6548747D22FF97E900CB3DD8 /* safeTests.swift */,
				6548747F22FF97E900CB3DD8 /* Info.plist */,
			);
			path = safeTests;
			sourceTree = "<group>";
		};
		6548748722FF97E900CB3DD8 /* safeUITests */ = {
			isa = PBXGroup;
			children = (
				6548748822FF97E900CB3DD8 /* safeUITests.swift */,
				6548748A22FF97E900CB3DD8 /* Info.plist */,
			);
			path = safeUITests;
			sourceTree = "<group>";
		};
		654874A822FF984800CB3DD8 /* Messages */ = {
			isa = PBXGroup;
			children = (
				65A5813A2303B09500737F27 /* InputContainer.swift */,
				65FBF23722FFDF12004B2C53 /* TextSize.swift */,
				65FBF22E22FF9E05004B2C53 /* ListSectionController */,
				654D4D29233FE7FA0029512C /* Message */,
			);
			path = Messages;
			sourceTree = "<group>";
		};
		654D4D29233FE7FA0029512C /* Message */ = {
			isa = PBXGroup;
			children = (
				6511D2142341053F00301842 /* ImagePickerWorker.swift */,
				6548749622FF983400CB3DD8 /* MessagePresenter.swift */,
				6548749722FF983400CB3DD8 /* MessageWorker.swift */,
				6548749822FF983400CB3DD8 /* MessageRouter.swift */,
				6548749922FF983400CB3DD8 /* MessageModels.swift */,
				6548749A22FF983400CB3DD8 /* MessageViewController.swift */,
				6548749B22FF983400CB3DD8 /* MessageInteractor.swift */,
				6511D2132340FFDC00301842 /* Extensions */,
			);
			path = Message;
			sourceTree = "<group>";
		};
		65FBF22E22FF9E05004B2C53 /* ListSectionController */ = {
			isa = PBXGroup;
			children = (
				6523E1E62300ABDC00F24F3A /* ImageMessage */,
				6523E1E52300ABB800F24F3A /* TextMessage */,
			);
			path = ListSectionController;
			sourceTree = "<group>";
		};
		9B774D011E9EB5FD65BD76B0 /* Pods */ = {
			isa = PBXGroup;
			children = (
				C57967B481C4DB5A1FF56CE3 /* Pods-safe.debug.xcconfig */,
				B95C95418B848110486B06B2 /* Pods-safe.release.xcconfig */,
				DB30C8B33E44F2A010CDB573 /* Pods-safeTests.debug.xcconfig */,
				EB44ADAFD899E4FDB7A624E1 /* Pods-safeTests.release.xcconfig */,
				B61BF55B793C7F5A740D3427 /* Pods-safeUITests.debug.xcconfig */,
				9FC40BFD64748263719C7F11 /* Pods-safeUITests.release.xcconfig */,
			);
			path = Pods;
			sourceTree = "<group>";
		};
/* End PBXGroup section */

/* Begin PBXNativeTarget section */
		6548746122FF97E800CB3DD8 /* safe */ = {
			isa = PBXNativeTarget;
			buildConfigurationList = 6548748D22FF97E900CB3DD8 /* Build configuration list for PBXNativeTarget "safe" */;
			buildPhases = (
				D04B5AC9CB5EB2FAA3C34271 /* [CP] Check Pods Manifest.lock */,
				6548745E22FF97E800CB3DD8 /* Sources */,
				6548745F22FF97E800CB3DD8 /* Frameworks */,
				6548746022FF97E800CB3DD8 /* Resources */,
				E1475BDDCFC1F2A6D8DCB3C3 /* [CP] Embed Pods Frameworks */,
			);
			buildRules = (
			);
			dependencies = (
			);
			name = safe;
			productName = safe;
			productReference = 6548746222FF97E800CB3DD8 /* safe.app */;
			productType = "com.apple.product-type.application";
		};
		6548747822FF97E900CB3DD8 /* safeTests */ = {
			isa = PBXNativeTarget;
			buildConfigurationList = 6548749022FF97E900CB3DD8 /* Build configuration list for PBXNativeTarget "safeTests" */;
			buildPhases = (
				FEEBB6BA9BD59AE37C28DD9B /* [CP] Check Pods Manifest.lock */,
				6548747522FF97E900CB3DD8 /* Sources */,
				6548747622FF97E900CB3DD8 /* Frameworks */,
				6548747722FF97E900CB3DD8 /* Resources */,
			);
			buildRules = (
			);
			dependencies = (
				6548747B22FF97E900CB3DD8 /* PBXTargetDependency */,
			);
			name = safeTests;
			productName = safeTests;
			productReference = 6548747922FF97E900CB3DD8 /* safeTests.xctest */;
			productType = "com.apple.product-type.bundle.unit-test";
		};
		6548748322FF97E900CB3DD8 /* safeUITests */ = {
			isa = PBXNativeTarget;
			buildConfigurationList = 6548749322FF97E900CB3DD8 /* Build configuration list for PBXNativeTarget "safeUITests" */;
			buildPhases = (
				873405CC93B6C4F68A906710 /* [CP] Check Pods Manifest.lock */,
				6548748022FF97E900CB3DD8 /* Sources */,
				6548748122FF97E900CB3DD8 /* Frameworks */,
				6548748222FF97E900CB3DD8 /* Resources */,
			);
			buildRules = (
			);
			dependencies = (
				6548748622FF97E900CB3DD8 /* PBXTargetDependency */,
			);
			name = safeUITests;
			productName = safeUITests;
			productReference = 6548748422FF97E900CB3DD8 /* safeUITests.xctest */;
			productType = "com.apple.product-type.bundle.ui-testing";
		};
/* End PBXNativeTarget section */

/* Begin PBXProject section */
		6548745A22FF97E800CB3DD8 /* Project object */ = {
			isa = PBXProject;
			attributes = {
				LastSwiftUpdateCheck = 1020;
				LastUpgradeCheck = 1020;
				ORGANIZATIONNAME = Daniel;
				TargetAttributes = {
					6548746122FF97E800CB3DD8 = {
						CreatedOnToolsVersion = 10.2.1;
					};
					6548747822FF97E900CB3DD8 = {
						CreatedOnToolsVersion = 10.2.1;
						TestTargetID = 6548746122FF97E800CB3DD8;
					};
					6548748322FF97E900CB3DD8 = {
						CreatedOnToolsVersion = 10.2.1;
						TestTargetID = 6548746122FF97E800CB3DD8;
					};
				};
			};
			buildConfigurationList = 6548745D22FF97E800CB3DD8 /* Build configuration list for PBXProject "safe" */;
			compatibilityVersion = "Xcode 9.3";
			developmentRegion = en;
			hasScannedForEncodings = 0;
			knownRegions = (
				en,
				Base,
			);
			mainGroup = 6548745922FF97E800CB3DD8;
			productRefGroup = 6548746322FF97E800CB3DD8 /* Products */;
			projectDirPath = "";
			projectRoot = "";
			targets = (
				6548746122FF97E800CB3DD8 /* safe */,
				6548747822FF97E900CB3DD8 /* safeTests */,
				6548748322FF97E900CB3DD8 /* safeUITests */,
			);
		};
/* End PBXProject section */

/* Begin PBXResourcesBuildPhase section */
		6548746022FF97E800CB3DD8 /* Resources */ = {
			isa = PBXResourcesBuildPhase;
			buildActionMask = 2147483647;
			files = (
				6548747322FF97E900CB3DD8 /* LaunchScreen.storyboard in Resources */,
				6548747022FF97E900CB3DD8 /* Assets.xcassets in Resources */,
				65FBF22D22FF9CAD004B2C53 /* Podfile in Resources */,
			);
			runOnlyForDeploymentPostprocessing = 0;
		};
		6548747722FF97E900CB3DD8 /* Resources */ = {
			isa = PBXResourcesBuildPhase;
			buildActionMask = 2147483647;
			files = (
			);
			runOnlyForDeploymentPostprocessing = 0;
		};
		6548748222FF97E900CB3DD8 /* Resources */ = {
			isa = PBXResourcesBuildPhase;
			buildActionMask = 2147483647;
			files = (
			);
			runOnlyForDeploymentPostprocessing = 0;
		};
/* End PBXResourcesBuildPhase section */

/* Begin PBXShellScriptBuildPhase section */
		873405CC93B6C4F68A906710 /* [CP] Check Pods Manifest.lock */ = {
			isa = PBXShellScriptBuildPhase;
			buildActionMask = 2147483647;
			files = (
			);
			inputFileListPaths = (
			);
			inputPaths = (
				"${PODS_PODFILE_DIR_PATH}/Podfile.lock",
				"${PODS_ROOT}/Manifest.lock",
			);
			name = "[CP] Check Pods Manifest.lock";
			outputFileListPaths = (
			);
			outputPaths = (
				"$(DERIVED_FILE_DIR)/Pods-safeUITests-checkManifestLockResult.txt",
			);
			runOnlyForDeploymentPostprocessing = 0;
			shellPath = /bin/sh;
			shellScript = "diff \"${PODS_PODFILE_DIR_PATH}/Podfile.lock\" \"${PODS_ROOT}/Manifest.lock\" > /dev/null\nif [ $? != 0 ] ; then\n    # print error to STDERR\n    echo \"error: The sandbox is not in sync with the Podfile.lock. Run 'pod install' or update your CocoaPods installation.\" >&2\n    exit 1\nfi\n# This output is used by Xcode 'outputs' to avoid re-running this script phase.\necho \"SUCCESS\" > \"${SCRIPT_OUTPUT_FILE_0}\"\n";
			showEnvVarsInLog = 0;
		};
		D04B5AC9CB5EB2FAA3C34271 /* [CP] Check Pods Manifest.lock */ = {
			isa = PBXShellScriptBuildPhase;
			buildActionMask = 2147483647;
			files = (
			);
			inputFileListPaths = (
			);
			inputPaths = (
				"${PODS_PODFILE_DIR_PATH}/Podfile.lock",
				"${PODS_ROOT}/Manifest.lock",
			);
			name = "[CP] Check Pods Manifest.lock";
			outputFileListPaths = (
			);
			outputPaths = (
				"$(DERIVED_FILE_DIR)/Pods-safe-checkManifestLockResult.txt",
			);
			runOnlyForDeploymentPostprocessing = 0;
			shellPath = /bin/sh;
			shellScript = "diff \"${PODS_PODFILE_DIR_PATH}/Podfile.lock\" \"${PODS_ROOT}/Manifest.lock\" > /dev/null\nif [ $? != 0 ] ; then\n    # print error to STDERR\n    echo \"error: The sandbox is not in sync with the Podfile.lock. Run 'pod install' or update your CocoaPods installation.\" >&2\n    exit 1\nfi\n# This output is used by Xcode 'outputs' to avoid re-running this script phase.\necho \"SUCCESS\" > \"${SCRIPT_OUTPUT_FILE_0}\"\n";
			showEnvVarsInLog = 0;
		};
		E1475BDDCFC1F2A6D8DCB3C3 /* [CP] Embed Pods Frameworks */ = {
			isa = PBXShellScriptBuildPhase;
			buildActionMask = 2147483647;
			files = (
			);
			inputFileListPaths = (
				"${PODS_ROOT}/Target Support Files/Pods-safe/Pods-safe-frameworks-${CONFIGURATION}-input-files.xcfilelist",
			);
			name = "[CP] Embed Pods Frameworks";
			outputFileListPaths = (
				"${PODS_ROOT}/Target Support Files/Pods-safe/Pods-safe-frameworks-${CONFIGURATION}-output-files.xcfilelist",
			);
			runOnlyForDeploymentPostprocessing = 0;
			shellPath = /bin/sh;
			shellScript = "\"${PODS_ROOT}/Target Support Files/Pods-safe/Pods-safe-frameworks.sh\"\n";
			showEnvVarsInLog = 0;
		};
		FEEBB6BA9BD59AE37C28DD9B /* [CP] Check Pods Manifest.lock */ = {
			isa = PBXShellScriptBuildPhase;
			buildActionMask = 2147483647;
			files = (
			);
			inputFileListPaths = (
			);
			inputPaths = (
				"${PODS_PODFILE_DIR_PATH}/Podfile.lock",
				"${PODS_ROOT}/Manifest.lock",
			);
			name = "[CP] Check Pods Manifest.lock";
			outputFileListPaths = (
			);
			outputPaths = (
				"$(DERIVED_FILE_DIR)/Pods-safeTests-checkManifestLockResult.txt",
			);
			runOnlyForDeploymentPostprocessing = 0;
			shellPath = /bin/sh;
			shellScript = "diff \"${PODS_PODFILE_DIR_PATH}/Podfile.lock\" \"${PODS_ROOT}/Manifest.lock\" > /dev/null\nif [ $? != 0 ] ; then\n    # print error to STDERR\n    echo \"error: The sandbox is not in sync with the Podfile.lock. Run 'pod install' or update your CocoaPods installation.\" >&2\n    exit 1\nfi\n# This output is used by Xcode 'outputs' to avoid re-running this script phase.\necho \"SUCCESS\" > \"${SCRIPT_OUTPUT_FILE_0}\"\n";
			showEnvVarsInLog = 0;
		};
/* End PBXShellScriptBuildPhase section */

/* Begin PBXSourcesBuildPhase section */
		6548745E22FF97E800CB3DD8 /* Sources */ = {
			isa = PBXSourcesBuildPhase;
			buildActionMask = 2147483647;
			files = (
				6523E1E42300AA4000F24F3A /* ImageModel.swift in Sources */,
				65A5813B2303B09500737F27 /* InputContainer.swift in Sources */,
				654874A622FF983400CB3DD8 /* MessageInteractor.swift in Sources */,
				6548746E22FF97E800CB3DD8 /* safe.xcdatamodeld in Sources */,
				65FBF23022FF9E46004B2C53 /* MessageSectionController.swift in Sources */,
				6548749C22FF983400CB3DD8 /* MessagePresenter.swift in Sources */,
				6548746622FF97E800CB3DD8 /* AppDelegate.swift in Sources */,
				6523E1EA2300ACA000F24F3A /* ImageCollectionViewCell.swift in Sources */,
				65FBF23822FFDF12004B2C53 /* TextSize.swift in Sources */,
				654874A222FF983400CB3DD8 /* MessageModels.swift in Sources */,
				654874A022FF983400CB3DD8 /* MessageRouter.swift in Sources */,
				65FBF23222FF9EF8004B2C53 /* MessageModel.swift in Sources */,
				6511D2122340FFD600301842 /* MessageViewController+Actions.swift in Sources */,
				654874A422FF983400CB3DD8 /* MessageViewController.swift in Sources */,
				65FBF23422FFA2DC004B2C53 /* MessageCollectionViewCell.swift in Sources */,
				6511D2152341053F00301842 /* ImagePickerWorker.swift in Sources */,
				6548749E22FF983400CB3DD8 /* MessageWorker.swift in Sources */,
				6523E1E82300AC1C00F24F3A /* imageSectionController.swift in Sources */,
			);
			runOnlyForDeploymentPostprocessing = 0;
		};
		6548747522FF97E900CB3DD8 /* Sources */ = {
			isa = PBXSourcesBuildPhase;
			buildActionMask = 2147483647;
			files = (
				6548747E22FF97E900CB3DD8 /* safeTests.swift in Sources */,
			);
			runOnlyForDeploymentPostprocessing = 0;
		};
		6548748022FF97E900CB3DD8 /* Sources */ = {
			isa = PBXSourcesBuildPhase;
			buildActionMask = 2147483647;
			files = (
				6548748922FF97E900CB3DD8 /* safeUITests.swift in Sources */,
			);
			runOnlyForDeploymentPostprocessing = 0;
		};
/* End PBXSourcesBuildPhase section */

/* Begin PBXTargetDependency section */
		6548747B22FF97E900CB3DD8 /* PBXTargetDependency */ = {
			isa = PBXTargetDependency;
			target = 6548746122FF97E800CB3DD8 /* safe */;
			targetProxy = 6548747A22FF97E900CB3DD8 /* PBXContainerItemProxy */;
		};
		6548748622FF97E900CB3DD8 /* PBXTargetDependency */ = {
			isa = PBXTargetDependency;
			target = 6548746122FF97E800CB3DD8 /* safe */;
			targetProxy = 6548748522FF97E900CB3DD8 /* PBXContainerItemProxy */;
		};
/* End PBXTargetDependency section */

/* Begin PBXVariantGroup section */
		6548747122FF97E900CB3DD8 /* LaunchScreen.storyboard */ = {
			isa = PBXVariantGroup;
			children = (
				6548747222FF97E900CB3DD8 /* Base */,
			);
			name = LaunchScreen.storyboard;
			sourceTree = "<group>";
		};
/* End PBXVariantGroup section */

/* Begin XCBuildConfiguration section */
		6548748B22FF97E900CB3DD8 /* Debug */ = {
			isa = XCBuildConfiguration;
			buildSettings = {
				ALWAYS_SEARCH_USER_PATHS = NO;
				CLANG_ANALYZER_NONNULL = YES;
				CLANG_ANALYZER_NUMBER_OBJECT_CONVERSION = YES_AGGRESSIVE;
				CLANG_CXX_LANGUAGE_STANDARD = "gnu++14";
				CLANG_CXX_LIBRARY = "libc++";
				CLANG_ENABLE_MODULES = YES;
				CLANG_ENABLE_OBJC_ARC = YES;
				CLANG_ENABLE_OBJC_WEAK = YES;
				CLANG_WARN_BLOCK_CAPTURE_AUTORELEASING = YES;
				CLANG_WARN_BOOL_CONVERSION = YES;
				CLANG_WARN_COMMA = YES;
				CLANG_WARN_CONSTANT_CONVERSION = YES;
				CLANG_WARN_DEPRECATED_OBJC_IMPLEMENTATIONS = YES;
				CLANG_WARN_DIRECT_OBJC_ISA_USAGE = YES_ERROR;
				CLANG_WARN_DOCUMENTATION_COMMENTS = YES;
				CLANG_WARN_EMPTY_BODY = YES;
				CLANG_WARN_ENUM_CONVERSION = YES;
				CLANG_WARN_INFINITE_RECURSION = YES;
				CLANG_WARN_INT_CONVERSION = YES;
				CLANG_WARN_NON_LITERAL_NULL_CONVERSION = YES;
				CLANG_WARN_OBJC_IMPLICIT_RETAIN_SELF = YES;
				CLANG_WARN_OBJC_LITERAL_CONVERSION = YES;
				CLANG_WARN_OBJC_ROOT_CLASS = YES_ERROR;
				CLANG_WARN_RANGE_LOOP_ANALYSIS = YES;
				CLANG_WARN_STRICT_PROTOTYPES = YES;
				CLANG_WARN_SUSPICIOUS_MOVE = YES;
				CLANG_WARN_UNGUARDED_AVAILABILITY = YES_AGGRESSIVE;
				CLANG_WARN_UNREACHABLE_CODE = YES;
				CLANG_WARN__DUPLICATE_METHOD_MATCH = YES;
				CODE_SIGN_IDENTITY = "iPhone Developer";
				COPY_PHASE_STRIP = NO;
				DEBUG_INFORMATION_FORMAT = dwarf;
				ENABLE_STRICT_OBJC_MSGSEND = YES;
				ENABLE_TESTABILITY = YES;
				GCC_C_LANGUAGE_STANDARD = gnu11;
				GCC_DYNAMIC_NO_PIC = NO;
				GCC_NO_COMMON_BLOCKS = YES;
				GCC_OPTIMIZATION_LEVEL = 0;
				GCC_PREPROCESSOR_DEFINITIONS = (
					"DEBUG=1",
					"$(inherited)",
				);
				GCC_WARN_64_TO_32_BIT_CONVERSION = YES;
				GCC_WARN_ABOUT_RETURN_TYPE = YES_ERROR;
				GCC_WARN_UNDECLARED_SELECTOR = YES;
				GCC_WARN_UNINITIALIZED_AUTOS = YES_AGGRESSIVE;
				GCC_WARN_UNUSED_FUNCTION = YES;
				GCC_WARN_UNUSED_VARIABLE = YES;
				IPHONEOS_DEPLOYMENT_TARGET = 12.2;
				MTL_ENABLE_DEBUG_INFO = INCLUDE_SOURCE;
				MTL_FAST_MATH = YES;
				ONLY_ACTIVE_ARCH = YES;
				SDKROOT = iphoneos;
				SWIFT_ACTIVE_COMPILATION_CONDITIONS = DEBUG;
				SWIFT_OPTIMIZATION_LEVEL = "-Onone";
			};
			name = Debug;
		};
		6548748C22FF97E900CB3DD8 /* Release */ = {
			isa = XCBuildConfiguration;
			buildSettings = {
				ALWAYS_SEARCH_USER_PATHS = NO;
				CLANG_ANALYZER_NONNULL = YES;
				CLANG_ANALYZER_NUMBER_OBJECT_CONVERSION = YES_AGGRESSIVE;
				CLANG_CXX_LANGUAGE_STANDARD = "gnu++14";
				CLANG_CXX_LIBRARY = "libc++";
				CLANG_ENABLE_MODULES = YES;
				CLANG_ENABLE_OBJC_ARC = YES;
				CLANG_ENABLE_OBJC_WEAK = YES;
				CLANG_WARN_BLOCK_CAPTURE_AUTORELEASING = YES;
				CLANG_WARN_BOOL_CONVERSION = YES;
				CLANG_WARN_COMMA = YES;
				CLANG_WARN_CONSTANT_CONVERSION = YES;
				CLANG_WARN_DEPRECATED_OBJC_IMPLEMENTATIONS = YES;
				CLANG_WARN_DIRECT_OBJC_ISA_USAGE = YES_ERROR;
				CLANG_WARN_DOCUMENTATION_COMMENTS = YES;
				CLANG_WARN_EMPTY_BODY = YES;
				CLANG_WARN_ENUM_CONVERSION = YES;
				CLANG_WARN_INFINITE_RECURSION = YES;
				CLANG_WARN_INT_CONVERSION = YES;
				CLANG_WARN_NON_LITERAL_NULL_CONVERSION = YES;
				CLANG_WARN_OBJC_IMPLICIT_RETAIN_SELF = YES;
				CLANG_WARN_OBJC_LITERAL_CONVERSION = YES;
				CLANG_WARN_OBJC_ROOT_CLASS = YES_ERROR;
				CLANG_WARN_RANGE_LOOP_ANALYSIS = YES;
				CLANG_WARN_STRICT_PROTOTYPES = YES;
				CLANG_WARN_SUSPICIOUS_MOVE = YES;
				CLANG_WARN_UNGUARDED_AVAILABILITY = YES_AGGRESSIVE;
				CLANG_WARN_UNREACHABLE_CODE = YES;
				CLANG_WARN__DUPLICATE_METHOD_MATCH = YES;
				CODE_SIGN_IDENTITY = "iPhone Developer";
				COPY_PHASE_STRIP = NO;
				DEBUG_INFORMATION_FORMAT = "dwarf-with-dsym";
				ENABLE_NS_ASSERTIONS = NO;
				ENABLE_STRICT_OBJC_MSGSEND = YES;
				GCC_C_LANGUAGE_STANDARD = gnu11;
				GCC_NO_COMMON_BLOCKS = YES;
				GCC_WARN_64_TO_32_BIT_CONVERSION = YES;
				GCC_WARN_ABOUT_RETURN_TYPE = YES_ERROR;
				GCC_WARN_UNDECLARED_SELECTOR = YES;
				GCC_WARN_UNINITIALIZED_AUTOS = YES_AGGRESSIVE;
				GCC_WARN_UNUSED_FUNCTION = YES;
				GCC_WARN_UNUSED_VARIABLE = YES;
				IPHONEOS_DEPLOYMENT_TARGET = 12.2;
				MTL_ENABLE_DEBUG_INFO = NO;
				MTL_FAST_MATH = YES;
				SDKROOT = iphoneos;
				SWIFT_COMPILATION_MODE = wholemodule;
				SWIFT_OPTIMIZATION_LEVEL = "-O";
				VALIDATE_PRODUCT = YES;
			};
			name = Release;
		};
		6548748E22FF97E900CB3DD8 /* Debug */ = {
			isa = XCBuildConfiguration;
			baseConfigurationReference = C57967B481C4DB5A1FF56CE3 /* Pods-safe.debug.xcconfig */;
			buildSettings = {
				ASSETCATALOG_COMPILER_APPICON_NAME = AppIcon;
				CODE_SIGN_ENTITLEMENTS = safe/safe.entitlements;
				CODE_SIGN_STYLE = Automatic;
				DEVELOPMENT_TEAM = DDY4PJYVD4;
				INFOPLIST_FILE = safe/Info.plist;
				IPHONEOS_DEPLOYMENT_TARGET = 13.1;
				LD_RUNPATH_SEARCH_PATHS = (
					"$(inherited)",
					"@executable_path/Frameworks",
				);
				PRODUCT_BUNDLE_IDENTIFIER = com.droble.safe;
				PRODUCT_NAME = "$(TARGET_NAME)";
				SUPPORTS_MACCATALYST = NO;
				SWIFT_VERSION = 5.0;
				TARGETED_DEVICE_FAMILY = "1,2";
			};
			name = Debug;
		};
		6548748F22FF97E900CB3DD8 /* Release */ = {
			isa = XCBuildConfiguration;
			baseConfigurationReference = B95C95418B848110486B06B2 /* Pods-safe.release.xcconfig */;
			buildSettings = {
				ASSETCATALOG_COMPILER_APPICON_NAME = AppIcon;
				CODE_SIGN_ENTITLEMENTS = safe/safe.entitlements;
				CODE_SIGN_STYLE = Automatic;
				DEVELOPMENT_TEAM = DDY4PJYVD4;
				INFOPLIST_FILE = safe/Info.plist;
				IPHONEOS_DEPLOYMENT_TARGET = 13.1;
				LD_RUNPATH_SEARCH_PATHS = (
					"$(inherited)",
					"@executable_path/Frameworks",
				);
				PRODUCT_BUNDLE_IDENTIFIER = com.droble.safe;
				PRODUCT_NAME = "$(TARGET_NAME)";
				SUPPORTS_MACCATALYST = NO;
				SWIFT_VERSION = 5.0;
				TARGETED_DEVICE_FAMILY = "1,2";
			};
			name = Release;
		};
		6548749122FF97E900CB3DD8 /* Debug */ = {
			isa = XCBuildConfiguration;
			baseConfigurationReference = DB30C8B33E44F2A010CDB573 /* Pods-safeTests.debug.xcconfig */;
			buildSettings = {
				ALWAYS_EMBED_SWIFT_STANDARD_LIBRARIES = YES;
				BUNDLE_LOADER = "$(TEST_HOST)";
				CODE_SIGN_STYLE = Automatic;
				DEVELOPMENT_TEAM = DDY4PJYVD4;
				INFOPLIST_FILE = safeTests/Info.plist;
				LD_RUNPATH_SEARCH_PATHS = (
					"$(inherited)",
					"@executable_path/Frameworks",
					"@loader_path/Frameworks",
				);
				PRODUCT_BUNDLE_IDENTIFIER = com.droble.safeTests;
				PRODUCT_NAME = "$(TARGET_NAME)";
				SWIFT_VERSION = 5.0;
				TARGETED_DEVICE_FAMILY = "1,2";
				TEST_HOST = "$(BUILT_PRODUCTS_DIR)/safe.app/safe";
			};
			name = Debug;
		};
		6548749222FF97E900CB3DD8 /* Release */ = {
			isa = XCBuildConfiguration;
			baseConfigurationReference = EB44ADAFD899E4FDB7A624E1 /* Pods-safeTests.release.xcconfig */;
			buildSettings = {
				ALWAYS_EMBED_SWIFT_STANDARD_LIBRARIES = YES;
				BUNDLE_LOADER = "$(TEST_HOST)";
				CODE_SIGN_STYLE = Automatic;
				DEVELOPMENT_TEAM = DDY4PJYVD4;
				INFOPLIST_FILE = safeTests/Info.plist;
				LD_RUNPATH_SEARCH_PATHS = (
					"$(inherited)",
					"@executable_path/Frameworks",
					"@loader_path/Frameworks",
				);
				PRODUCT_BUNDLE_IDENTIFIER = com.droble.safeTests;
				PRODUCT_NAME = "$(TARGET_NAME)";
				SWIFT_VERSION = 5.0;
				TARGETED_DEVICE_FAMILY = "1,2";
				TEST_HOST = "$(BUILT_PRODUCTS_DIR)/safe.app/safe";
			};
			name = Release;
		};
		6548749422FF97E900CB3DD8 /* Debug */ = {
			isa = XCBuildConfiguration;
			baseConfigurationReference = B61BF55B793C7F5A740D3427 /* Pods-safeUITests.debug.xcconfig */;
			buildSettings = {
				ALWAYS_EMBED_SWIFT_STANDARD_LIBRARIES = YES;
				CODE_SIGN_STYLE = Automatic;
				DEVELOPMENT_TEAM = DDY4PJYVD4;
				INFOPLIST_FILE = safeUITests/Info.plist;
				LD_RUNPATH_SEARCH_PATHS = (
					"$(inherited)",
					"@executable_path/Frameworks",
					"@loader_path/Frameworks",
				);
				PRODUCT_BUNDLE_IDENTIFIER = com.droble.safeUITests;
				PRODUCT_NAME = "$(TARGET_NAME)";
				SWIFT_VERSION = 5.0;
				TARGETED_DEVICE_FAMILY = "1,2";
				TEST_TARGET_NAME = safe;
			};
			name = Debug;
		};
		6548749522FF97E900CB3DD8 /* Release */ = {
			isa = XCBuildConfiguration;
			baseConfigurationReference = 9FC40BFD64748263719C7F11 /* Pods-safeUITests.release.xcconfig */;
			buildSettings = {
				ALWAYS_EMBED_SWIFT_STANDARD_LIBRARIES = YES;
				CODE_SIGN_STYLE = Automatic;
				DEVELOPMENT_TEAM = DDY4PJYVD4;
				INFOPLIST_FILE = safeUITests/Info.plist;
				LD_RUNPATH_SEARCH_PATHS = (
					"$(inherited)",
					"@executable_path/Frameworks",
					"@loader_path/Frameworks",
				);
				PRODUCT_BUNDLE_IDENTIFIER = com.droble.safeUITests;
				PRODUCT_NAME = "$(TARGET_NAME)";
				SWIFT_VERSION = 5.0;
				TARGETED_DEVICE_FAMILY = "1,2";
				TEST_TARGET_NAME = safe;
			};
			name = Release;
		};
/* End XCBuildConfiguration section */

/* Begin XCConfigurationList section */
		6548745D22FF97E800CB3DD8 /* Build configuration list for PBXProject "safe" */ = {
			isa = XCConfigurationList;
			buildConfigurations = (
				6548748B22FF97E900CB3DD8 /* Debug */,
				6548748C22FF97E900CB3DD8 /* Release */,
			);
			defaultConfigurationIsVisible = 0;
			defaultConfigurationName = Release;
		};
		6548748D22FF97E900CB3DD8 /* Build configuration list for PBXNativeTarget "safe" */ = {
			isa = XCConfigurationList;
			buildConfigurations = (
				6548748E22FF97E900CB3DD8 /* Debug */,
				6548748F22FF97E900CB3DD8 /* Release */,
			);
			defaultConfigurationIsVisible = 0;
			defaultConfigurationName = Release;
		};
		6548749022FF97E900CB3DD8 /* Build configuration list for PBXNativeTarget "safeTests" */ = {
			isa = XCConfigurationList;
			buildConfigurations = (
				6548749122FF97E900CB3DD8 /* Debug */,
				6548749222FF97E900CB3DD8 /* Release */,
			);
			defaultConfigurationIsVisible = 0;
			defaultConfigurationName = Release;
		};
		6548749322FF97E900CB3DD8 /* Build configuration list for PBXNativeTarget "safeUITests" */ = {
			isa = XCConfigurationList;
			buildConfigurations = (
				6548749422FF97E900CB3DD8 /* Debug */,
				6548749522FF97E900CB3DD8 /* Release */,
			);
			defaultConfigurationIsVisible = 0;
			defaultConfigurationName = Release;
		};
/* End XCConfigurationList section */

/* Begin XCVersionGroup section */
		6548746C22FF97E800CB3DD8 /* safe.xcdatamodeld */ = {
			isa = XCVersionGroup;
			children = (
				6548746D22FF97E800CB3DD8 /* safe.xcdatamodel */,
			);
			currentVersion = 6548746D22FF97E800CB3DD8 /* safe.xcdatamodel */;
			path = safe.xcdatamodeld;
			sourceTree = "<group>";
			versionGroupType = wrapper.xcdatamodel;
		};
/* End XCVersionGroup section */
	};
	rootObject = 6548745A22FF97E800CB3DD8 /* Project object */;
}
